
Microsoft Visual Studio Solution File, Format Version 12.00
Project("{FAE04EC0-301F-11D3-BF4B-00C04F79EFBC}") = "CodePace.GetWork.API", "CodePace.GetWork.API\CodePace.GetWork.API.csproj", "{FFD8D6CB-6DC1-4AB0-8C24-4F3A1E55692E}"
EndProject
Project("{FAE04EC0-301F-11D3-BF4B-00C04F79EFBC}") = "CodePace.GetWork.API.Tests", "CodePace.GetWork.API.Tests\CodePace.GetWork.API.Tests.csproj", "{6917AC65-BBEE-4C39-8E5D-EB43B7D19B41}"
EndProject
Global
	GlobalSection(SolutionConfigurationPlatforms) = preSolution
		Debug|Any CPU = Debug|Any CPU
		Release|Any CPU = Release|Any CPU
	EndGlobalSection
	GlobalSection(ProjectConfigurationPlatforms) = postSolution
		{FFD8D6CB-6DC1-4AB0-8C24-4F3A1E55692E}.Debug|Any CPU.ActiveCfg = Debug|Any CPU
		{FFD8D6CB-6DC1-4AB0-8C24-4F3A1E55692E}.Debug|Any CPU.Build.0 = Debug|Any CPU
		{FFD8D6CB-6DC1-4AB0-8C24-4F3A1E55692E}.Release|Any CPU.ActiveCfg = Release|Any CPU
		{FFD8D6CB-6DC1-4AB0-8C24-4F3A1E55692E}.Release|Any CPU.Build.0 = Release|Any CPU
		{6917AC65-BBEE-4C39-8E5D-EB43B7D19B41}.Debug|Any CPU.ActiveCfg = Debug|Any CPU
		{6917AC65-BBEE-4C39-8E5D-EB43B7D19B41}.Debug|Any CPU.Build.0 = Debug|Any CPU
		{6917AC65-BBEE-4C39-8E5D-EB43B7D19B41}.Release|Any CPU.ActiveCfg = Release|Any CPU
		{6917AC65-BBEE-4C39-8E5D-EB43B7D19B41}.Release|Any CPU.Build.0 = Release|Any CPU
	EndGlobalSection
EndGlobal
