
Microsoft Visual Studio Solution File, Format Version 12.00
Project("{FAE04EC0-301F-11D3-BF4B-00C04F79EFBC}") = "CodePace.GetWork.API", "CodePace.GetWork.API\CodePace.GetWork.API.csproj", "{FFD8D6CB-6DC1-4AB0-8C24-4F3A1E55692E}"
EndProject
Project("{FAE04EC0-301F-11D3-BF4B-00C04F79EFBC}") = "CodePace.GetWork.API.Tests", "CodePace.GetWork.API.Tests\CodePace.GetWork.API.Tests.csproj", "{A7B7C9A1-73F5-4545-BC52-8014A40E56CD}"
EndProject
Project("{2150E333-8FDC-42A3-9474-1A3956D46DE8}") = "Solution Items", "Solution Items", "{833B993D-A76C-4517-A168-E01B70117226}"
	ProjectSection(SolutionItems) = preProject
		docker-compose.yml = docker-compose.yml
	EndProjectSection
EndProject
Global
	GlobalSection(SolutionConfigurationPlatforms) = preSolution
		Debug|Any CPU = Debug|Any CPU
		Release|Any CPU = Release|Any CPU
	EndGlobalSection
	GlobalSection(ProjectConfigurationPlatforms) = postSolution
		{FFD8D6CB-6DC1-4AB0-8C24-4F3A1E55692E}.Debug|Any CPU.ActiveCfg = Debug|Any CPU
		{FFD8D6CB-6DC1-4AB0-8C24-4F3A1E55692E}.Debug|Any CPU.Build.0 = Debug|Any CPU
		{FFD8D6CB-6DC1-4AB0-8C24-4F3A1E55692E}.Release|Any CPU.ActiveCfg = Release|Any CPU
		{FFD8D6CB-6DC1-4AB0-8C24-4F3A1E55692E}.Release|Any CPU.Build.0 = Release|Any CPU
		{A7B7C9A1-73F5-4545-BC52-8014A40E56CD}.Debug|Any CPU.ActiveCfg = Debug|Any CPU
		{A7B7C9A1-73F5-4545-BC52-8014A40E56CD}.Debug|Any CPU.Build.0 = Debug|Any CPU
		{A7B7C9A1-73F5-4545-BC52-8014A40E56CD}.Release|Any CPU.ActiveCfg = Release|Any CPU
		{A7B7C9A1-73F5-4545-BC52-8014A40E56CD}.Release|Any CPU.Build.0 = Release|Any CPU
	EndGlobalSection
EndGlobal
